
Microsoft Visual Studio Solution File, Format Version 12.00
# Visual Studio 15
VisualStudioVersion = 15.0.27130.2020
MinimumVisualStudioVersion = 10.0.40219.1
Project("{FAE04EC0-301F-11D3-BF4B-00C04F79EFBC}") = "FakeMirrorMaker", "FakeMirrorMaker\FakeMirrorMaker.csproj", "{483A77F4-121C-4278-B567-A6226E9A615C}"
EndProject
Global
	GlobalSection(SolutionConfigurationPlatforms) = preSolution
		Debug|Any CPU = Debug|Any CPU
		Release|Any CPU = Release|Any CPU
	EndGlobalSection
	GlobalSection(ProjectConfigurationPlatforms) = postSolution
		{483A77F4-121C-4278-B567-A6226E9A615C}.Debug|Any CPU.ActiveCfg = Debug|Any CPU
		{483A77F4-121C-4278-B567-A6226E9A615C}.Debug|Any CPU.Build.0 = Debug|Any CPU
		{483A77F4-121C-4278-B567-A6226E9A615C}.Release|Any CPU.ActiveCfg = Release|Any CPU
		{483A77F4-121C-4278-B567-A6226E9A615C}.Release|Any CPU.Build.0 = Release|Any CPU
	EndGlobalSection
	GlobalSection(SolutionProperties) = preSolution
		HideSolutionNode = FALSE
	EndGlobalSection
	GlobalSection(ExtensibilityGlobals) = postSolution
		SolutionGuid = {1ED09A55-5CFE-41FE-9943-AEB4C390BA0C}
	EndGlobalSection
EndGlobal
